
Microsoft Visual Studio Solution File, Format Version 12.00
# Visual Studio Version 17
VisualStudioVersion = 17.3.32819.101
MinimumVisualStudioVersion = 10.0.40219.1
Project("{FAE04EC0-301F-11D3-BF4B-00C04F79EFBC}") = "BuilderDesignPattern", "BuilderDesignPattern\BuilderDesignPattern.csproj", "{3AD9BBCF-EC06-4A7D-BCBA-C4AFCEA28EFB}"
EndProject
Global
	GlobalSection(SolutionConfigurationPlatforms) = preSolution
		Debug|Any CPU = Debug|Any CPU
		Release|Any CPU = Release|Any CPU
	EndGlobalSection
	GlobalSection(ProjectConfigurationPlatforms) = postSolution
		{3AD9BBCF-EC06-4A7D-BCBA-C4AFCEA28EFB}.Debug|Any CPU.ActiveCfg = Debug|Any CPU
		{3AD9BBCF-EC06-4A7D-BCBA-C4AFCEA28EFB}.Debug|Any CPU.Build.0 = Debug|Any CPU
		{3AD9BBCF-EC06-4A7D-BCBA-C4AFCEA28EFB}.Release|Any CPU.ActiveCfg = Release|Any CPU
		{3AD9BBCF-EC06-4A7D-BCBA-C4AFCEA28EFB}.Release|Any CPU.Build.0 = Release|Any CPU
	EndGlobalSection
	GlobalSection(SolutionProperties) = preSolution
		HideSolutionNode = FALSE
	EndGlobalSection
	GlobalSection(ExtensibilityGlobals) = postSolution
		SolutionGuid = {B8E22EA9-A044-4733-8800-B0DDA694F164}
	EndGlobalSection
EndGlobal
